
Microsoft Visual Studio Solution File, Format Version 12.00
# Visual Studio Version 17
VisualStudioVersion = 17.3.32804.467
MinimumVisualStudioVersion = 10.0.40219.1
Project("{FAE04EC0-301F-11D3-BF4B-00C04F79EFBC}") = "TimingMachine", "TimingMachine\TimingMachine.csproj", "{C102957A-3652-4B34-9898-E4A1930B8211}"
EndProject
Global
	GlobalSection(SolutionConfigurationPlatforms) = preSolution
		Debug|Any CPU = Debug|Any CPU
		Release|Any CPU = Release|Any CPU
	EndGlobalSection
	GlobalSection(ProjectConfigurationPlatforms) = postSolution
		{C102957A-3652-4B34-9898-E4A1930B8211}.Debug|Any CPU.ActiveCfg = Debug|Any CPU
		{C102957A-3652-4B34-9898-E4A1930B8211}.Debug|Any CPU.Build.0 = Debug|Any CPU
		{C102957A-3652-4B34-9898-E4A1930B8211}.Release|Any CPU.ActiveCfg = Release|Any CPU
		{C102957A-3652-4B34-9898-E4A1930B8211}.Release|Any CPU.Build.0 = Release|Any CPU
	EndGlobalSection
	GlobalSection(SolutionProperties) = preSolution
		HideSolutionNode = FALSE
	EndGlobalSection
	GlobalSection(ExtensibilityGlobals) = postSolution
		SolutionGuid = {D6108245-1457-484F-8BD6-3265111CE42C}
	EndGlobalSection
EndGlobal
